
Microsoft Visual Studio Solution File, Format Version 12.00
# Visual Studio Version 16
VisualStudioVersion = 16.0.29709.97
MinimumVisualStudioVersion = 10.0.40219.1
Project("{9A19103F-16F7-4668-BE54-9A1E7A4F7556}") = "TManagerAgent", "TManagerAgent.csproj", "{ADE76E88-4B96-4ABB-901C-740C4E0EA0B9}"
EndProject
Project("{9A19103F-16F7-4668-BE54-9A1E7A4F7556}") = "TManagerAgentTest", "ModIgnore\TManagerAgentTest\TManagerAgentTest.csproj", "{FC554DC3-4AB9-4A00-94BC-5A56353C0315}"
EndProject
Project("{9A19103F-16F7-4668-BE54-9A1E7A4F7556}") = "MockOverseer", "ModIgnore\MockOverseer\MockOverseer.csproj", "{CBECC1E5-3B1B-4DBE-825C-E90CA71BE6F3}"
EndProject
Global
	GlobalSection(SolutionConfigurationPlatforms) = preSolution
		Debug|Any CPU = Debug|Any CPU
		Release|Any CPU = Release|Any CPU
	EndGlobalSection
	GlobalSection(ProjectConfigurationPlatforms) = postSolution
		{ADE76E88-4B96-4ABB-901C-740C4E0EA0B9}.Debug|Any CPU.ActiveCfg = Debug|Any CPU
		{ADE76E88-4B96-4ABB-901C-740C4E0EA0B9}.Debug|Any CPU.Build.0 = Debug|Any CPU
		{ADE76E88-4B96-4ABB-901C-740C4E0EA0B9}.Release|Any CPU.ActiveCfg = Release|Any CPU
		{ADE76E88-4B96-4ABB-901C-740C4E0EA0B9}.Release|Any CPU.Build.0 = Release|Any CPU
		{FC554DC3-4AB9-4A00-94BC-5A56353C0315}.Debug|Any CPU.ActiveCfg = Debug|Any CPU
		{FC554DC3-4AB9-4A00-94BC-5A56353C0315}.Debug|Any CPU.Build.0 = Debug|Any CPU
		{FC554DC3-4AB9-4A00-94BC-5A56353C0315}.Release|Any CPU.ActiveCfg = Release|Any CPU
		{FC554DC3-4AB9-4A00-94BC-5A56353C0315}.Release|Any CPU.Build.0 = Release|Any CPU
		{CBECC1E5-3B1B-4DBE-825C-E90CA71BE6F3}.Debug|Any CPU.ActiveCfg = Debug|Any CPU
		{CBECC1E5-3B1B-4DBE-825C-E90CA71BE6F3}.Debug|Any CPU.Build.0 = Debug|Any CPU
		{CBECC1E5-3B1B-4DBE-825C-E90CA71BE6F3}.Release|Any CPU.ActiveCfg = Release|Any CPU
		{CBECC1E5-3B1B-4DBE-825C-E90CA71BE6F3}.Release|Any CPU.Build.0 = Release|Any CPU
	EndGlobalSection
	GlobalSection(SolutionProperties) = preSolution
		HideSolutionNode = FALSE
	EndGlobalSection
	GlobalSection(ExtensibilityGlobals) = postSolution
		SolutionGuid = {C1EB5325-D617-4E4D-A9A5-F53D9007020B}
	EndGlobalSection
EndGlobal
